
Microsoft Visual Studio Solution File, Format Version 12.00
# Visual Studio 14
VisualStudioVersion = 14.0.25420.1
MinimumVisualStudioVersion = 10.0.40219.1
Project("{FAE04EC0-301F-11D3-BF4B-00C04F79EFBC}") = "XamarinBuildTest2.UWP", "XamarinBuildTest2\XamarinBuildTest2.UWP\XamarinBuildTest2.UWP.csproj", "{51095F40-4B6F-4A59-97BE-C5221C2CFEFF}"
EndProject
Project("{FAE04EC0-301F-11D3-BF4B-00C04F79EFBC}") = "XamarinBuildTest2", "XamarinBuildTest2\XamarinBuildTest2\XamarinBuildTest2.csproj", "{4FAE1FC6-702B-41E9-AC3D-35A775172ECC}"
EndProject
Global
	GlobalSection(SolutionConfigurationPlatforms) = preSolution
		Ad-Hoc|Any CPU = Ad-Hoc|Any CPU
		Ad-Hoc|ARM = Ad-Hoc|ARM
		Ad-Hoc|iPhone = Ad-Hoc|iPhone
		Ad-Hoc|iPhoneSimulator = Ad-Hoc|iPhoneSimulator
		Ad-Hoc|x64 = Ad-Hoc|x64
		Ad-Hoc|x86 = Ad-Hoc|x86
		AppStore|Any CPU = AppStore|Any CPU
		AppStore|ARM = AppStore|ARM
		AppStore|iPhone = AppStore|iPhone
		AppStore|iPhoneSimulator = AppStore|iPhoneSimulator
		AppStore|x64 = AppStore|x64
		AppStore|x86 = AppStore|x86
		Debug|Any CPU = Debug|Any CPU
		Debug|ARM = Debug|ARM
		Debug|iPhone = Debug|iPhone
		Debug|iPhoneSimulator = Debug|iPhoneSimulator
		Debug|x64 = Debug|x64
		Debug|x86 = Debug|x86
		Release|Any CPU = Release|Any CPU
		Release|ARM = Release|ARM
		Release|iPhone = Release|iPhone
		Release|iPhoneSimulator = Release|iPhoneSimulator
		Release|x64 = Release|x64
		Release|x86 = Release|x86
	EndGlobalSection
	GlobalSection(ProjectConfigurationPlatforms) = postSolution
		{51095F40-4B6F-4A59-97BE-C5221C2CFEFF}.Ad-Hoc|Any CPU.ActiveCfg = Release|x86
		{51095F40-4B6F-4A59-97BE-C5221C2CFEFF}.Ad-Hoc|Any CPU.Build.0 = Release|x86
		{51095F40-4B6F-4A59-97BE-C5221C2CFEFF}.Ad-Hoc|Any CPU.Deploy.0 = Release|x86
		{51095F40-4B6F-4A59-97BE-C5221C2CFEFF}.Ad-Hoc|ARM.ActiveCfg = Release|ARM
		{51095F40-4B6F-4A59-97BE-C5221C2CFEFF}.Ad-Hoc|ARM.Build.0 = Release|ARM
		{51095F40-4B6F-4A59-97BE-C5221C2CFEFF}.Ad-Hoc|ARM.Deploy.0 = Release|ARM
		{51095F40-4B6F-4A59-97BE-C5221C2CFEFF}.Ad-Hoc|iPhone.ActiveCfg = Release|x86
		{51095F40-4B6F-4A59-97BE-C5221C2CFEFF}.Ad-Hoc|iPhone.Build.0 = Release|x86
		{51095F40-4B6F-4A59-97BE-C5221C2CFEFF}.Ad-Hoc|iPhone.Deploy.0 = Release|x86
		{51095F40-4B6F-4A59-97BE-C5221C2CFEFF}.Ad-Hoc|iPhoneSimulator.ActiveCfg = Release|x86
		{51095F40-4B6F-4A59-97BE-C5221C2CFEFF}.Ad-Hoc|iPhoneSimulator.Build.0 = Release|x86
		{51095F40-4B6F-4A59-97BE-C5221C2CFEFF}.Ad-Hoc|iPhoneSimulator.Deploy.0 = Release|x86
		{51095F40-4B6F-4A59-97BE-C5221C2CFEFF}.Ad-Hoc|x64.ActiveCfg = Release|x64
		{51095F40-4B6F-4A59-97BE-C5221C2CFEFF}.Ad-Hoc|x64.Build.0 = Release|x64
		{51095F40-4B6F-4A59-97BE-C5221C2CFEFF}.Ad-Hoc|x64.Deploy.0 = Release|x64
		{51095F40-4B6F-4A59-97BE-C5221C2CFEFF}.Ad-Hoc|x86.ActiveCfg = Release|x86
		{51095F40-4B6F-4A59-97BE-C5221C2CFEFF}.Ad-Hoc|x86.Build.0 = Release|x86
		{51095F40-4B6F-4A59-97BE-C5221C2CFEFF}.Ad-Hoc|x86.Deploy.0 = Release|x86
		{51095F40-4B6F-4A59-97BE-C5221C2CFEFF}.AppStore|Any CPU.ActiveCfg = Release|x86
		{51095F40-4B6F-4A59-97BE-C5221C2CFEFF}.AppStore|Any CPU.Build.0 = Release|x86
		{51095F40-4B6F-4A59-97BE-C5221C2CFEFF}.AppStore|Any CPU.Deploy.0 = Release|x86
		{51095F40-4B6F-4A59-97BE-C5221C2CFEFF}.AppStore|ARM.ActiveCfg = Release|ARM
		{51095F40-4B6F-4A59-97BE-C5221C2CFEFF}.AppStore|ARM.Build.0 = Release|ARM
		{51095F40-4B6F-4A59-97BE-C5221C2CFEFF}.AppStore|ARM.Deploy.0 = Release|ARM
		{51095F40-4B6F-4A59-97BE-C5221C2CFEFF}.AppStore|iPhone.ActiveCfg = Release|x86
		{51095F40-4B6F-4A59-97BE-C5221C2CFEFF}.AppStore|iPhone.Build.0 = Release|x86
		{51095F40-4B6F-4A59-97BE-C5221C2CFEFF}.AppStore|iPhone.Deploy.0 = Release|x86
		{51095F40-4B6F-4A59-97BE-C5221C2CFEFF}.AppStore|iPhoneSimulator.ActiveCfg = Release|x86
		{51095F40-4B6F-4A59-97BE-C5221C2CFEFF}.AppStore|iPhoneSimulator.Build.0 = Release|x86
		{51095F40-4B6F-4A59-97BE-C5221C2CFEFF}.AppStore|iPhoneSimulator.Deploy.0 = Release|x86
		{51095F40-4B6F-4A59-97BE-C5221C2CFEFF}.AppStore|x64.ActiveCfg = Release|x64
		{51095F40-4B6F-4A59-97BE-C5221C2CFEFF}.AppStore|x64.Build.0 = Release|x64
		{51095F40-4B6F-4A59-97BE-C5221C2CFEFF}.AppStore|x64.Deploy.0 = Release|x64
		{51095F40-4B6F-4A59-97BE-C5221C2CFEFF}.AppStore|x86.ActiveCfg = Release|x86
		{51095F40-4B6F-4A59-97BE-C5221C2CFEFF}.AppStore|x86.Build.0 = Release|x86
		{51095F40-4B6F-4A59-97BE-C5221C2CFEFF}.AppStore|x86.Deploy.0 = Release|x86
		{51095F40-4B6F-4A59-97BE-C5221C2CFEFF}.Debug|Any CPU.ActiveCfg = Debug|x86
		{51095F40-4B6F-4A59-97BE-C5221C2CFEFF}.Debug|ARM.ActiveCfg = Debug|ARM
		{51095F40-4B6F-4A59-97BE-C5221C2CFEFF}.Debug|ARM.Build.0 = Debug|ARM
		{51095F40-4B6F-4A59-97BE-C5221C2CFEFF}.Debug|ARM.Deploy.0 = Debug|ARM
		{51095F40-4B6F-4A59-97BE-C5221C2CFEFF}.Debug|iPhone.ActiveCfg = Debug|x86
		{51095F40-4B6F-4A59-97BE-C5221C2CFEFF}.Debug|iPhoneSimulator.ActiveCfg = Debug|x86
		{51095F40-4B6F-4A59-97BE-C5221C2CFEFF}.Debug|x64.ActiveCfg = Debug|x64
		{51095F40-4B6F-4A59-97BE-C5221C2CFEFF}.Debug|x64.Build.0 = Debug|x64
		{51095F40-4B6F-4A59-97BE-C5221C2CFEFF}.Debug|x64.Deploy.0 = Debug|x64
		{51095F40-4B6F-4A59-97BE-C5221C2CFEFF}.Debug|x86.ActiveCfg = Debug|x86
		{51095F40-4B6F-4A59-97BE-C5221C2CFEFF}.Debug|x86.Build.0 = Debug|x86
		{51095F40-4B6F-4A59-97BE-C5221C2CFEFF}.Debug|x86.Deploy.0 = Debug|x86
		{51095F40-4B6F-4A59-97BE-C5221C2CFEFF}.Release|Any CPU.ActiveCfg = Release|x86
		{51095F40-4B6F-4A59-97BE-C5221C2CFEFF}.Release|ARM.ActiveCfg = Release|ARM
		{51095F40-4B6F-4A59-97BE-C5221C2CFEFF}.Release|ARM.Build.0 = Release|ARM
		{51095F40-4B6F-4A59-97BE-C5221C2CFEFF}.Release|ARM.Deploy.0 = Release|ARM
		{51095F40-4B6F-4A59-97BE-C5221C2CFEFF}.Release|iPhone.ActiveCfg = Release|x86
		{51095F40-4B6F-4A59-97BE-C5221C2CFEFF}.Release|iPhoneSimulator.ActiveCfg = Release|x86
		{51095F40-4B6F-4A59-97BE-C5221C2CFEFF}.Release|x64.ActiveCfg = Release|x64
		{51095F40-4B6F-4A59-97BE-C5221C2CFEFF}.Release|x64.Build.0 = Release|x64
		{51095F40-4B6F-4A59-97BE-C5221C2CFEFF}.Release|x64.Deploy.0 = Release|x64
		{51095F40-4B6F-4A59-97BE-C5221C2CFEFF}.Release|x86.ActiveCfg = Release|x86
		{51095F40-4B6F-4A59-97BE-C5221C2CFEFF}.Release|x86.Build.0 = Release|x86
		{51095F40-4B6F-4A59-97BE-C5221C2CFEFF}.Release|x86.Deploy.0 = Release|x86
		{4FAE1FC6-702B-41E9-AC3D-35A775172ECC}.Ad-Hoc|Any CPU.ActiveCfg = Release|Any CPU
		{4FAE1FC6-702B-41E9-AC3D-35A775172ECC}.Ad-Hoc|Any CPU.Build.0 = Release|Any CPU
		{4FAE1FC6-702B-41E9-AC3D-35A775172ECC}.Ad-Hoc|ARM.ActiveCfg = Release|Any CPU
		{4FAE1FC6-702B-41E9-AC3D-35A775172ECC}.Ad-Hoc|ARM.Build.0 = Release|Any CPU
		{4FAE1FC6-702B-41E9-AC3D-35A775172ECC}.Ad-Hoc|iPhone.ActiveCfg = Release|Any CPU
		{4FAE1FC6-702B-41E9-AC3D-35A775172ECC}.Ad-Hoc|iPhone.Build.0 = Release|Any CPU
		{4FAE1FC6-702B-41E9-AC3D-35A775172ECC}.Ad-Hoc|iPhoneSimulator.ActiveCfg = Release|Any CPU
		{4FAE1FC6-702B-41E9-AC3D-35A775172ECC}.Ad-Hoc|iPhoneSimulator.Build.0 = Release|Any CPU
		{4FAE1FC6-702B-41E9-AC3D-35A775172ECC}.Ad-Hoc|x64.ActiveCfg = Release|Any CPU
		{4FAE1FC6-702B-41E9-AC3D-35A775172ECC}.Ad-Hoc|x64.Build.0 = Release|Any CPU
		{4FAE1FC6-702B-41E9-AC3D-35A775172ECC}.Ad-Hoc|x86.ActiveCfg = Release|Any CPU
		{4FAE1FC6-702B-41E9-AC3D-35A775172ECC}.Ad-Hoc|x86.Build.0 = Release|Any CPU
		{4FAE1FC6-702B-41E9-AC3D-35A775172ECC}.AppStore|Any CPU.ActiveCfg = Release|Any CPU
		{4FAE1FC6-702B-41E9-AC3D-35A775172ECC}.AppStore|Any CPU.Build.0 = Release|Any CPU
		{4FAE1FC6-702B-41E9-AC3D-35A775172ECC}.AppStore|ARM.ActiveCfg = Release|Any CPU
		{4FAE1FC6-702B-41E9-AC3D-35A775172ECC}.AppStore|ARM.Build.0 = Release|Any CPU
		{4FAE1FC6-702B-41E9-AC3D-35A775172ECC}.AppStore|iPhone.ActiveCfg = Release|Any CPU
		{4FAE1FC6-702B-41E9-AC3D-35A775172ECC}.AppStore|iPhone.Build.0 = Release|Any CPU
		{4FAE1FC6-702B-41E9-AC3D-35A775172ECC}.AppStore|iPhoneSimulator.ActiveCfg = Release|Any CPU
		{4FAE1FC6-702B-41E9-AC3D-35A775172ECC}.AppStore|iPhoneSimulator.Build.0 = Release|Any CPU
		{4FAE1FC6-702B-41E9-AC3D-35A775172ECC}.AppStore|x64.ActiveCfg = Release|Any CPU
		{4FAE1FC6-702B-41E9-AC3D-35A775172ECC}.AppStore|x64.Build.0 = Release|Any CPU
		{4FAE1FC6-702B-41E9-AC3D-35A775172ECC}.AppStore|x86.ActiveCfg = Release|Any CPU
		{4FAE1FC6-702B-41E9-AC3D-35A775172ECC}.AppStore|x86.Build.0 = Release|Any CPU
		{4FAE1FC6-702B-41E9-AC3D-35A775172ECC}.Debug|Any CPU.ActiveCfg = Debug|Any CPU
		{4FAE1FC6-702B-41E9-AC3D-35A775172ECC}.Debug|Any CPU.Build.0 = Debug|Any CPU
		{4FAE1FC6-702B-41E9-AC3D-35A775172ECC}.Debug|ARM.ActiveCfg = Debug|Any CPU
		{4FAE1FC6-702B-41E9-AC3D-35A775172ECC}.Debug|ARM.Build.0 = Debug|Any CPU
		{4FAE1FC6-702B-41E9-AC3D-35A775172ECC}.Debug|iPhone.ActiveCfg = Debug|Any CPU
		{4FAE1FC6-702B-41E9-AC3D-35A775172ECC}.Debug|iPhone.Build.0 = Debug|Any CPU
		{4FAE1FC6-702B-41E9-AC3D-35A775172ECC}.Debug|iPhoneSimulator.ActiveCfg = Debug|Any CPU
		{4FAE1FC6-702B-41E9-AC3D-35A775172ECC}.Debug|iPhoneSimulator.Build.0 = Debug|Any CPU
		{4FAE1FC6-702B-41E9-AC3D-35A775172ECC}.Debug|x64.ActiveCfg = Debug|Any CPU
		{4FAE1FC6-702B-41E9-AC3D-35A775172ECC}.Debug|x64.Build.0 = Debug|Any CPU
		{4FAE1FC6-702B-41E9-AC3D-35A775172ECC}.Debug|x86.ActiveCfg = Debug|Any CPU
		{4FAE1FC6-702B-41E9-AC3D-35A775172ECC}.Debug|x86.Build.0 = Debug|Any CPU
		{4FAE1FC6-702B-41E9-AC3D-35A775172ECC}.Release|Any CPU.ActiveCfg = Release|Any CPU
		{4FAE1FC6-702B-41E9-AC3D-35A775172ECC}.Release|Any CPU.Build.0 = Release|Any CPU
		{4FAE1FC6-702B-41E9-AC3D-35A775172ECC}.Release|ARM.ActiveCfg = Release|Any CPU
		{4FAE1FC6-702B-41E9-AC3D-35A775172ECC}.Release|ARM.Build.0 = Release|Any CPU
		{4FAE1FC6-702B-41E9-AC3D-35A775172ECC}.Release|iPhone.ActiveCfg = Release|Any CPU
		{4FAE1FC6-702B-41E9-AC3D-35A775172ECC}.Release|iPhone.Build.0 = Release|Any CPU
		{4FAE1FC6-702B-41E9-AC3D-35A775172ECC}.Release|iPhoneSimulator.ActiveCfg = Release|Any CPU
		{4FAE1FC6-702B-41E9-AC3D-35A775172ECC}.Release|iPhoneSimulator.Build.0 = Release|Any CPU
		{4FAE1FC6-702B-41E9-AC3D-35A775172ECC}.Release|x64.ActiveCfg = Release|Any CPU
		{4FAE1FC6-702B-41E9-AC3D-35A775172ECC}.Release|x64.Build.0 = Release|Any CPU
		{4FAE1FC6-702B-41E9-AC3D-35A775172ECC}.Release|x86.ActiveCfg = Release|Any CPU
		{4FAE1FC6-702B-41E9-AC3D-35A775172ECC}.Release|x86.Build.0 = Release|Any CPU
	EndGlobalSection
	GlobalSection(SolutionProperties) = preSolution
		HideSolutionNode = FALSE
	EndGlobalSection
EndGlobal
